
Microsoft Visual Studio Solution File, Format Version 12.00
Project("{FAE04EC0-301F-11D3-BF4B-00C04F79EFBC}") = "UnitySceneDumper", "UnitySceneDumper\UnitySceneDumper.csproj", "{8FD061B1-335B-4710-B972-1A6017B5D8AE}"
EndProject
Global
	GlobalSection(SolutionConfigurationPlatforms) = preSolution
		Debug|Any CPU = Debug|Any CPU
		Release|Any CPU = Release|Any CPU
	EndGlobalSection
	GlobalSection(ProjectConfigurationPlatforms) = postSolution
		{8FD061B1-335B-4710-B972-1A6017B5D8AE}.Debug|Any CPU.ActiveCfg = Debug|Any CPU
		{8FD061B1-335B-4710-B972-1A6017B5D8AE}.Debug|Any CPU.Build.0 = Debug|Any CPU
		{8FD061B1-335B-4710-B972-1A6017B5D8AE}.Release|Any CPU.ActiveCfg = Release|Any CPU
		{8FD061B1-335B-4710-B972-1A6017B5D8AE}.Release|Any CPU.Build.0 = Release|Any CPU
	EndGlobalSection
EndGlobal
